{
  "pins" : [
    {
      "identity" : "swiftmvi",
      "kind" : "remoteSourceControl",
      "location" : "https://github.com/xtro/SwiftMVI.git",
      "state" : {
        "revision" : "2707eeb7e277d0d75630fe38a5cd58466ede5942",
        "version" : "0.1.0"
      }
    },
    {
      "identity" : "swiftusecase",
      "kind" : "remoteSourceControl",
      "location" : "https://github.com/xtro/SwiftUseCase.git",
      "state" : {
        "revision" : "922d0c27e71dc313bb7f3839997509b21bee7b43",
        "version" : "0.0.1"
      }
    }
  ],
  "version" : 2
}
